
Microsoft Visual Studio Solution File, Format Version 12.00
# Visual Studio Version 16
VisualStudioVersion = 16.0.31911.196
MinimumVisualStudioVersion = 10.0.40219.1
Project("{FAE04EC0-301F-11D3-BF4B-00C04F79EFBC}") = "AdventOfCode2022", "AdventOfCode2022\AdventOfCode2022.csproj", "{9982DA14-C9AC-4B39-AC58-674D2A94FC98}"
EndProject
Project("{FAE04EC0-301F-11D3-BF4B-00C04F79EFBC}") = "AdventOfCode2022Tests", "AdventOfCode2022Tests\AdventOfCode2022Tests.csproj", "{071C47EB-7971-4682-B92F-7A011F3B5DF5}"
EndProject
Global
	GlobalSection(SolutionConfigurationPlatforms) = preSolution
		Debug|Any CPU = Debug|Any CPU
		Release|Any CPU = Release|Any CPU
	EndGlobalSection
	GlobalSection(ProjectConfigurationPlatforms) = postSolution
		{9982DA14-C9AC-4B39-AC58-674D2A94FC98}.Debug|Any CPU.ActiveCfg = Debug|Any CPU
		{9982DA14-C9AC-4B39-AC58-674D2A94FC98}.Debug|Any CPU.Build.0 = Debug|Any CPU
		{9982DA14-C9AC-4B39-AC58-674D2A94FC98}.Release|Any CPU.ActiveCfg = Release|Any CPU
		{9982DA14-C9AC-4B39-AC58-674D2A94FC98}.Release|Any CPU.Build.0 = Release|Any CPU
		{071C47EB-7971-4682-B92F-7A011F3B5DF5}.Debug|Any CPU.ActiveCfg = Debug|Any CPU
		{071C47EB-7971-4682-B92F-7A011F3B5DF5}.Debug|Any CPU.Build.0 = Debug|Any CPU
		{071C47EB-7971-4682-B92F-7A011F3B5DF5}.Release|Any CPU.ActiveCfg = Release|Any CPU
		{071C47EB-7971-4682-B92F-7A011F3B5DF5}.Release|Any CPU.Build.0 = Release|Any CPU
	EndGlobalSection
	GlobalSection(SolutionProperties) = preSolution
		HideSolutionNode = FALSE
	EndGlobalSection
	GlobalSection(ExtensibilityGlobals) = postSolution
		SolutionGuid = {AEEA9084-25D0-4E01-9A5D-463D650D68FC}
	EndGlobalSection
EndGlobal
